// !$*UTF8*$!
{
	archiveVersion = 1;
	classes = {
	};
	objectVersion = 46;
	objects = {

/* Begin PBXBuildFile section */
		58604DB318F5D107002B09A5 /* Foundation.framework in Frameworks */ = {isa = PBXBuildFile; fileRef = 58604DB218F5D107002B09A5 /* Foundation.framework */; };
		58604DB518F5D107002B09A5 /* CoreGraphics.framework in Frameworks */ = {isa = PBXBuildFile; fileRef = 58604DB418F5D107002B09A5 /* CoreGraphics.framework */; };
		58604DB718F5D107002B09A5 /* UIKit.framework in Frameworks */ = {isa = PBXBuildFile; fileRef = 58604DB618F5D107002B09A5 /* UIKit.framework */; };
		58604DBD18F5D107002B09A5 /* InfoPlist.strings in Resources */ = {isa = PBXBuildFile; fileRef = 58604DBB18F5D107002B09A5 /* InfoPlist.strings */; };
		58604DBF18F5D107002B09A5 /* main.m in Sources */ = {isa = PBXBuildFile; fileRef = 58604DBE18F5D107002B09A5 /* main.m */; };
		58604DC318F5D107002B09A5 /* AppDelegate.m in Sources */ = {isa = PBXBuildFile; fileRef = 58604DC218F5D107002B09A5 /* AppDelegate.m */; };
		58604DCE18F5D107002B09A5 /* Images.xcassets in Resources */ = {isa = PBXBuildFile; fileRef = 58604DCD18F5D107002B09A5 /* Images.xcassets */; };
		58604DD518F5D107002B09A5 /* XCTest.framework in Frameworks */ = {isa = PBXBuildFile; fileRef = 58604DD418F5D107002B09A5 /* XCTest.framework */; };
		58604DD618F5D107002B09A5 /* Foundation.framework in Frameworks */ = {isa = PBXBuildFile; fileRef = 58604DB218F5D107002B09A5 /* Foundation.framework */; };
		58604DD718F5D107002B09A5 /* UIKit.framework in Frameworks */ = {isa = PBXBuildFile; fileRef = 58604DB618F5D107002B09A5 /* UIKit.framework */; };
		58604DDF18F5D107002B09A5 /* InfoPlist.strings in Resources */ = {isa = PBXBuildFile; fileRef = 58604DDD18F5D107002B09A5 /* InfoPlist.strings */; };
		58604DE118F5D107002B09A5 /* DynamicFormPrototypeTests.m in Sources */ = {isa = PBXBuildFile; fileRef = 58604DE018F5D107002B09A5 /* DynamicFormPrototypeTests.m */; };
		5872ED9F1A1365820077FFC7 /* AlfrescoFormViewController.m in Sources */ = {isa = PBXBuildFile; fileRef = 5872ED9E1A1365820077FFC7 /* AlfrescoFormViewController.m */; };
		5872EDA31A137D620077FFC7 /* NewAccountFormViewController.m in Sources */ = {isa = PBXBuildFile; fileRef = 5872EDA21A137D620077FFC7 /* NewAccountFormViewController.m */; };
		5872EDA61A1380F40077FFC7 /* AddBenchmarkTestFormViewController.m in Sources */ = {isa = PBXBuildFile; fileRef = 5872EDA51A1380F40077FFC7 /* AddBenchmarkTestFormViewController.m */; };
		5872EDA91A13811E0077FFC7 /* EditBenchmarkPropertiesFormViewController.m in Sources */ = {isa = PBXBuildFile; fileRef = 5872EDA81A13811E0077FFC7 /* EditBenchmarkPropertiesFormViewController.m */; };
		5872EDAC1A13814F0077FFC7 /* RetrieveActivitiTaskFormViewController.m in Sources */ = {isa = PBXBuildFile; fileRef = 5872EDAB1A13814F0077FFC7 /* RetrieveActivitiTaskFormViewController.m */; };
		5872EDAF1A1381620077FFC7 /* ActivitiTaskFormViewController.m in Sources */ = {isa = PBXBuildFile; fileRef = 5872EDAE1A1381620077FFC7 /* ActivitiTaskFormViewController.m */; };
		5872EDB21A14C0C60077FFC7 /* AdvancedFormViewController.m in Sources */ = {isa = PBXBuildFile; fileRef = 5872EDB11A14C0C60077FFC7 /* AdvancedFormViewController.m */; };
		5872EDB51A19F1650077FFC7 /* AlfrescoFormInformationCell.m in Sources */ = {isa = PBXBuildFile; fileRef = 5872EDB41A19F1650077FFC7 /* AlfrescoFormInformationCell.m */; };
		5872EDB81A19F3C30077FFC7 /* AlfrescoFormPickerCell.m in Sources */ = {isa = PBXBuildFile; fileRef = 5872EDB71A19F3C30077FFC7 /* AlfrescoFormPickerCell.m */; };
		5892CB1F19237BC900C7734A /* AlfrescoForm.m in Sources */ = {isa = PBXBuildFile; fileRef = 5892CB1C19237BC900C7734A /* AlfrescoForm.m */; };
		5892CB2C19237F3300C7734A /* AlfrescoFormCell.m in Sources */ = {isa = PBXBuildFile; fileRef = 5892CB2B19237F3300C7734A /* AlfrescoFormCell.m */; };
		5892CB331923842600C7734A /* AlfrescoFormBooleanCell.m in Sources */ = {isa = PBXBuildFile; fileRef = 5892CB2E1923842600C7734A /* AlfrescoFormBooleanCell.m */; };
		5892CB341923842600C7734A /* AlfrescoFormBooleanCell.xib in Resources */ = {isa = PBXBuildFile; fileRef = 5892CB2F1923842600C7734A /* AlfrescoFormBooleanCell.xib */; };
		5892CB351923842600C7734A /* AlfrescoFormTextCell.m in Sources */ = {isa = PBXBuildFile; fileRef = 5892CB311923842600C7734A /* AlfrescoFormTextCell.m */; };
		5892CB361923842600C7734A /* AlfrescoFormTextCell.xib in Resources */ = {isa = PBXBuildFile; fileRef = 5892CB321923842600C7734A /* AlfrescoFormTextCell.xib */; };
		5892CB39192385A100C7734A /* AlfrescoFormField.m in Sources */ = {isa = PBXBuildFile; fileRef = 5892CB38192385A100C7734A /* AlfrescoFormField.m */; };
		5892CB4219238BE400C7734A /* AlfrescoFormFieldGroup.m in Sources */ = {isa = PBXBuildFile; fileRef = 5892CB4119238BE400C7734A /* AlfrescoFormFieldGroup.m */; };
		5892CB451923BFD800C7734A /* AlfrescoFormDateCell.m in Sources */ = {isa = PBXBuildFile; fileRef = 5892CB441923BFD800C7734A /* AlfrescoFormDateCell.m */; };
		5892CB53192566A000C7734A /* AlfrescoDatePickerViewController.m in Sources */ = {isa = PBXBuildFile; fileRef = 5892CB51192566A000C7734A /* AlfrescoDatePickerViewController.m */; };
		5892CB54192566A000C7734A /* AlfrescoDatePickerViewController.xib in Resources */ = {isa = PBXBuildFile; fileRef = 5892CB52192566A000C7734A /* AlfrescoDatePickerViewController.xib */; };
		5892CB5B192567DF00C7734A /* ExamplesViewController.m in Sources */ = {isa = PBXBuildFile; fileRef = 5892CB5A192567DF00C7734A /* ExamplesViewController.m */; };
		5892CB6A192659F600C7734A /* AlfrescoListOfValuesPickerViewController.m in Sources */ = {isa = PBXBuildFile; fileRef = 5892CB68192659F600C7734A /* AlfrescoListOfValuesPickerViewController.m */; };
		5892CB6B192659F600C7734A /* AlfrescoListOfValuesPickerViewController.xib in Resources */ = {isa = PBXBuildFile; fileRef = 5892CB69192659F600C7734A /* AlfrescoListOfValuesPickerViewController.xib */; };
		5892CC24192E03F500C7734A /* AlfrescoFormListOfValuesCell.m in Sources */ = {isa = PBXBuildFile; fileRef = 5892CC23192E03F500C7734A /* AlfrescoFormListOfValuesCell.m */; };
		5892CC2A192E547800C7734A /* AlfrescoFormMandatoryConstraint.m in Sources */ = {isa = PBXBuildFile; fileRef = 5892CC29192E547800C7734A /* AlfrescoFormMandatoryConstraint.m */; };
		5892CC2D192E56F300C7734A /* AlfrescoFormConstraint.m in Sources */ = {isa = PBXBuildFile; fileRef = 5892CC2C192E56F300C7734A /* AlfrescoFormConstraint.m */; };
		5892CC30192E934D00C7734A /* AlfrescoFormNumberRangeConstraint.m in Sources */ = {isa = PBXBuildFile; fileRef = 5892CC2F192E934D00C7734A /* AlfrescoFormNumberRangeConstraint.m */; };
		5892CC33192E946C00C7734A /* AlfrescoFormListOfValuesConstraint.m in Sources */ = {isa = PBXBuildFile; fileRef = 5892CC32192E946C00C7734A /* AlfrescoFormListOfValuesConstraint.m */; };
/* End PBXBuildFile section */

/* Begin PBXContainerItemProxy section */
		58604DD818F5D107002B09A5 /* PBXContainerItemProxy */ = {
			isa = PBXContainerItemProxy;
			containerPortal = 58604DA718F5D107002B09A5 /* Project object */;
			proxyType = 1;
			remoteGlobalIDString = 58604DAE18F5D107002B09A5;
			remoteInfo = DynamicFormPrototype;
		};
/* End PBXContainerItemProxy section */

/* Begin PBXFileReference section */
		58604DAF18F5D107002B09A5 /* DynamicFormPrototype.app */ = {isa = PBXFileReference; explicitFileType = wrapper.application; includeInIndex = 0; path = DynamicFormPrototype.app; sourceTree = BUILT_PRODUCTS_DIR; };
		58604DB218F5D107002B09A5 /* Foundation.framework */ = {isa = PBXFileReference; lastKnownFileType = wrapper.framework; name = Foundation.framework; path = System/Library/Frameworks/Foundation.framework; sourceTree = SDKROOT; };
		58604DB418F5D107002B09A5 /* CoreGraphics.framework */ = {isa = PBXFileReference; lastKnownFileType = wrapper.framework; name = CoreGraphics.framework; path = System/Library/Frameworks/CoreGraphics.framework; sourceTree = SDKROOT; };
		58604DB618F5D107002B09A5 /* UIKit.framework */ = {isa = PBXFileReference; lastKnownFileType = wrapper.framework; name = UIKit.framework; path = System/Library/Frameworks/UIKit.framework; sourceTree = SDKROOT; };
		58604DBA18F5D107002B09A5 /* DynamicFormPrototype-Info.plist */ = {isa = PBXFileReference; lastKnownFileType = text.plist.xml; path = "DynamicFormPrototype-Info.plist"; sourceTree = "<group>"; };
		58604DBC18F5D107002B09A5 /* en */ = {isa = PBXFileReference; lastKnownFileType = text.plist.strings; name = en; path = en.lproj/InfoPlist.strings; sourceTree = "<group>"; };
		58604DBE18F5D107002B09A5 /* main.m */ = {isa = PBXFileReference; lastKnownFileType = sourcecode.c.objc; path = main.m; sourceTree = "<group>"; };
		58604DC018F5D107002B09A5 /* DynamicFormPrototype-Prefix.pch */ = {isa = PBXFileReference; lastKnownFileType = sourcecode.c.h; path = "DynamicFormPrototype-Prefix.pch"; sourceTree = "<group>"; };
		58604DC118F5D107002B09A5 /* AppDelegate.h */ = {isa = PBXFileReference; lastKnownFileType = sourcecode.c.h; path = AppDelegate.h; sourceTree = "<group>"; };
		58604DC218F5D107002B09A5 /* AppDelegate.m */ = {isa = PBXFileReference; lastKnownFileType = sourcecode.c.objc; path = AppDelegate.m; sourceTree = "<group>"; };
		58604DCD18F5D107002B09A5 /* Images.xcassets */ = {isa = PBXFileReference; lastKnownFileType = folder.assetcatalog; path = Images.xcassets; sourceTree = "<group>"; };
		58604DD318F5D107002B09A5 /* DynamicFormPrototypeTests.xctest */ = {isa = PBXFileReference; explicitFileType = wrapper.cfbundle; includeInIndex = 0; path = DynamicFormPrototypeTests.xctest; sourceTree = BUILT_PRODUCTS_DIR; };
		58604DD418F5D107002B09A5 /* XCTest.framework */ = {isa = PBXFileReference; lastKnownFileType = wrapper.framework; name = XCTest.framework; path = Library/Frameworks/XCTest.framework; sourceTree = DEVELOPER_DIR; };
		58604DDC18F5D107002B09A5 /* DynamicFormPrototypeTests-Info.plist */ = {isa = PBXFileReference; lastKnownFileType = text.plist.xml; path = "DynamicFormPrototypeTests-Info.plist"; sourceTree = "<group>"; };
		58604DDE18F5D107002B09A5 /* en */ = {isa = PBXFileReference; lastKnownFileType = text.plist.strings; name = en; path = en.lproj/InfoPlist.strings; sourceTree = "<group>"; };
		58604DE018F5D107002B09A5 /* DynamicFormPrototypeTests.m */ = {isa = PBXFileReference; lastKnownFileType = sourcecode.c.objc; path = DynamicFormPrototypeTests.m; sourceTree = "<group>"; };
		5872ED9D1A1365820077FFC7 /* AlfrescoFormViewController.h */ = {isa = PBXFileReference; fileEncoding = 4; lastKnownFileType = sourcecode.c.h; name = AlfrescoFormViewController.h; path = Views/AlfrescoFormViewController.h; sourceTree = "<group>"; };
		5872ED9E1A1365820077FFC7 /* AlfrescoFormViewController.m */ = {isa = PBXFileReference; fileEncoding = 4; lastKnownFileType = sourcecode.c.objc; name = AlfrescoFormViewController.m; path = Views/AlfrescoFormViewController.m; sourceTree = "<group>"; };
		5872EDA11A137D620077FFC7 /* NewAccountFormViewController.h */ = {isa = PBXFileReference; fileEncoding = 4; lastKnownFileType = sourcecode.c.h; path = NewAccountFormViewController.h; sourceTree = "<group>"; };
		5872EDA21A137D620077FFC7 /* NewAccountFormViewController.m */ = {isa = PBXFileReference; fileEncoding = 4; lastKnownFileType = sourcecode.c.objc; path = NewAccountFormViewController.m; sourceTree = "<group>"; };
		5872EDA41A1380F40077FFC7 /* AddBenchmarkTestFormViewController.h */ = {isa = PBXFileReference; fileEncoding = 4; lastKnownFileType = sourcecode.c.h; path = AddBenchmarkTestFormViewController.h; sourceTree = "<group>"; };
		5872EDA51A1380F40077FFC7 /* AddBenchmarkTestFormViewController.m */ = {isa = PBXFileReference; fileEncoding = 4; lastKnownFileType = sourcecode.c.objc; path = AddBenchmarkTestFormViewController.m; sourceTree = "<group>"; };
		5872EDA71A13811E0077FFC7 /* EditBenchmarkPropertiesFormViewController.h */ = {isa = PBXFileReference; fileEncoding = 4; lastKnownFileType = sourcecode.c.h; path = EditBenchmarkPropertiesFormViewController.h; sourceTree = "<group>"; };
		5872EDA81A13811E0077FFC7 /* EditBenchmarkPropertiesFormViewController.m */ = {isa = PBXFileReference; fileEncoding = 4; lastKnownFileType = sourcecode.c.objc; path = EditBenchmarkPropertiesFormViewController.m; sourceTree = "<group>"; };
		5872EDAA1A13814F0077FFC7 /* RetrieveActivitiTaskFormViewController.h */ = {isa = PBXFileReference; fileEncoding = 4; lastKnownFileType = sourcecode.c.h; path = RetrieveActivitiTaskFormViewController.h; sourceTree = "<group>"; };
		5872EDAB1A13814F0077FFC7 /* RetrieveActivitiTaskFormViewController.m */ = {isa = PBXFileReference; fileEncoding = 4; lastKnownFileType = sourcecode.c.objc; path = RetrieveActivitiTaskFormViewController.m; sourceTree = "<group>"; };
		5872EDAD1A1381620077FFC7 /* ActivitiTaskFormViewController.h */ = {isa = PBXFileReference; fileEncoding = 4; lastKnownFileType = sourcecode.c.h; path = ActivitiTaskFormViewController.h; sourceTree = "<group>"; };
		5872EDAE1A1381620077FFC7 /* ActivitiTaskFormViewController.m */ = {isa = PBXFileReference; fileEncoding = 4; lastKnownFileType = sourcecode.c.objc; path = ActivitiTaskFormViewController.m; sourceTree = "<group>"; };
		5872EDB01A14C0C60077FFC7 /* AdvancedFormViewController.h */ = {isa = PBXFileReference; fileEncoding = 4; lastKnownFileType = sourcecode.c.h; path = AdvancedFormViewController.h; sourceTree = "<group>"; };
		5872EDB11A14C0C60077FFC7 /* AdvancedFormViewController.m */ = {isa = PBXFileReference; fileEncoding = 4; lastKnownFileType = sourcecode.c.objc; path = AdvancedFormViewController.m; sourceTree = "<group>"; };
		5872EDB31A19F1650077FFC7 /* AlfrescoFormInformationCell.h */ = {isa = PBXFileReference; fileEncoding = 4; lastKnownFileType = sourcecode.c.h; path = AlfrescoFormInformationCell.h; sourceTree = "<group>"; };
		5872EDB41A19F1650077FFC7 /* AlfrescoFormInformationCell.m */ = {isa = PBXFileReference; fileEncoding = 4; lastKnownFileType = sourcecode.c.objc; path = AlfrescoFormInformationCell.m; sourceTree = "<group>"; };
		5872EDB61A19F3C30077FFC7 /* AlfrescoFormPickerCell.h */ = {isa = PBXFileReference; fileEncoding = 4; lastKnownFileType = sourcecode.c.h; path = AlfrescoFormPickerCell.h; sourceTree = "<group>"; };
		5872EDB71A19F3C30077FFC7 /* AlfrescoFormPickerCell.m */ = {isa = PBXFileReference; fileEncoding = 4; lastKnownFileType = sourcecode.c.objc; path = AlfrescoFormPickerCell.m; sourceTree = "<group>"; };
		5892CB1B19237BC900C7734A /* AlfrescoForm.h */ = {isa = PBXFileReference; fileEncoding = 4; lastKnownFileType = sourcecode.c.h; path = AlfrescoForm.h; sourceTree = "<group>"; };
		5892CB1C19237BC900C7734A /* AlfrescoForm.m */ = {isa = PBXFileReference; fileEncoding = 4; lastKnownFileType = sourcecode.c.objc; path = AlfrescoForm.m; sourceTree = "<group>"; };
		5892CB2A19237F3300C7734A /* AlfrescoFormCell.h */ = {isa = PBXFileReference; fileEncoding = 4; lastKnownFileType = sourcecode.c.h; path = AlfrescoFormCell.h; sourceTree = "<group>"; };
		5892CB2B19237F3300C7734A /* AlfrescoFormCell.m */ = {isa = PBXFileReference; fileEncoding = 4; lastKnownFileType = sourcecode.c.objc; path = AlfrescoFormCell.m; sourceTree = "<group>"; };
		5892CB2D1923842600C7734A /* AlfrescoFormBooleanCell.h */ = {isa = PBXFileReference; fileEncoding = 4; lastKnownFileType = sourcecode.c.h; path = AlfrescoFormBooleanCell.h; sourceTree = "<group>"; };
		5892CB2E1923842600C7734A /* AlfrescoFormBooleanCell.m */ = {isa = PBXFileReference; fileEncoding = 4; lastKnownFileType = sourcecode.c.objc; path = AlfrescoFormBooleanCell.m; sourceTree = "<group>"; };
		5892CB2F1923842600C7734A /* AlfrescoFormBooleanCell.xib */ = {isa = PBXFileReference; fileEncoding = 4; lastKnownFileType = file.xib; path = AlfrescoFormBooleanCell.xib; sourceTree = "<group>"; };
		5892CB301923842600C7734A /* AlfrescoFormTextCell.h */ = {isa = PBXFileReference; fileEncoding = 4; lastKnownFileType = sourcecode.c.h; path = AlfrescoFormTextCell.h; sourceTree = "<group>"; };
		5892CB311923842600C7734A /* AlfrescoFormTextCell.m */ = {isa = PBXFileReference; fileEncoding = 4; lastKnownFileType = sourcecode.c.objc; path = AlfrescoFormTextCell.m; sourceTree = "<group>"; };
		5892CB321923842600C7734A /* AlfrescoFormTextCell.xib */ = {isa = PBXFileReference; fileEncoding = 4; lastKnownFileType = file.xib; path = AlfrescoFormTextCell.xib; sourceTree = "<group>"; };
		5892CB37192385A100C7734A /* AlfrescoFormField.h */ = {isa = PBXFileReference; fileEncoding = 4; lastKnownFileType = sourcecode.c.h; path = AlfrescoFormField.h; sourceTree = "<group>"; };
		5892CB38192385A100C7734A /* AlfrescoFormField.m */ = {isa = PBXFileReference; fileEncoding = 4; lastKnownFileType = sourcecode.c.objc; path = AlfrescoFormField.m; sourceTree = "<group>"; };
		5892CB4019238BE400C7734A /* AlfrescoFormFieldGroup.h */ = {isa = PBXFileReference; fileEncoding = 4; lastKnownFileType = sourcecode.c.h; path = AlfrescoFormFieldGroup.h; sourceTree = "<group>"; };
		5892CB4119238BE400C7734A /* AlfrescoFormFieldGroup.m */ = {isa = PBXFileReference; fileEncoding = 4; lastKnownFileType = sourcecode.c.objc; path = AlfrescoFormFieldGroup.m; sourceTree = "<group>"; };
		5892CB431923BFD800C7734A /* AlfrescoFormDateCell.h */ = {isa = PBXFileReference; fileEncoding = 4; lastKnownFileType = sourcecode.c.h; path = AlfrescoFormDateCell.h; sourceTree = "<group>"; };
		5892CB441923BFD800C7734A /* AlfrescoFormDateCell.m */ = {isa = PBXFileReference; fileEncoding = 4; lastKnownFileType = sourcecode.c.objc; path = AlfrescoFormDateCell.m; sourceTree = "<group>"; };
		5892CB50192566A000C7734A /* AlfrescoDatePickerViewController.h */ = {isa = PBXFileReference; fileEncoding = 4; lastKnownFileType = sourcecode.c.h; path = AlfrescoDatePickerViewController.h; sourceTree = "<group>"; };
		5892CB51192566A000C7734A /* AlfrescoDatePickerViewController.m */ = {isa = PBXFileReference; fileEncoding = 4; lastKnownFileType = sourcecode.c.objc; path = AlfrescoDatePickerViewController.m; sourceTree = "<group>"; };
		5892CB52192566A000C7734A /* AlfrescoDatePickerViewController.xib */ = {isa = PBXFileReference; fileEncoding = 4; lastKnownFileType = file.xib; path = AlfrescoDatePickerViewController.xib; sourceTree = "<group>"; };
		5892CB59192567DF00C7734A /* ExamplesViewController.h */ = {isa = PBXFileReference; fileEncoding = 4; lastKnownFileType = sourcecode.c.h; path = ExamplesViewController.h; sourceTree = "<group>"; };
		5892CB5A192567DF00C7734A /* ExamplesViewController.m */ = {isa = PBXFileReference; fileEncoding = 4; lastKnownFileType = sourcecode.c.objc; path = ExamplesViewController.m; sourceTree = "<group>"; };
		5892CB67192659F600C7734A /* AlfrescoListOfValuesPickerViewController.h */ = {isa = PBXFileReference; fileEncoding = 4; lastKnownFileType = sourcecode.c.h; path = AlfrescoListOfValuesPickerViewController.h; sourceTree = "<group>"; };
		5892CB68192659F600C7734A /* AlfrescoListOfValuesPickerViewController.m */ = {isa = PBXFileReference; fileEncoding = 4; lastKnownFileType = sourcecode.c.objc; path = AlfrescoListOfValuesPickerViewController.m; sourceTree = "<group>"; };
		5892CB69192659F600C7734A /* AlfrescoListOfValuesPickerViewController.xib */ = {isa = PBXFileReference; fileEncoding = 4; lastKnownFileType = file.xib; path = AlfrescoListOfValuesPickerViewController.xib; sourceTree = "<group>"; };
		5892CC22192E03F500C7734A /* AlfrescoFormListOfValuesCell.h */ = {isa = PBXFileReference; fileEncoding = 4; lastKnownFileType = sourcecode.c.h; path = AlfrescoFormListOfValuesCell.h; sourceTree = "<group>"; };
		5892CC23192E03F500C7734A /* AlfrescoFormListOfValuesCell.m */ = {isa = PBXFileReference; fileEncoding = 4; lastKnownFileType = sourcecode.c.objc; path = AlfrescoFormListOfValuesCell.m; sourceTree = "<group>"; };
		5892CC28192E547800C7734A /* AlfrescoFormMandatoryConstraint.h */ = {isa = PBXFileReference; fileEncoding = 4; lastKnownFileType = sourcecode.c.h; path = AlfrescoFormMandatoryConstraint.h; sourceTree = "<group>"; };
		5892CC29192E547800C7734A /* AlfrescoFormMandatoryConstraint.m */ = {isa = PBXFileReference; fileEncoding = 4; lastKnownFileType = sourcecode.c.objc; path = AlfrescoFormMandatoryConstraint.m; sourceTree = "<group>"; };
		5892CC2B192E56F300C7734A /* AlfrescoFormConstraint.h */ = {isa = PBXFileReference; fileEncoding = 4; lastKnownFileType = sourcecode.c.h; path = AlfrescoFormConstraint.h; sourceTree = "<group>"; };
		5892CC2C192E56F300C7734A /* AlfrescoFormConstraint.m */ = {isa = PBXFileReference; fileEncoding = 4; lastKnownFileType = sourcecode.c.objc; path = AlfrescoFormConstraint.m; sourceTree = "<group>"; };
		5892CC2E192E934D00C7734A /* AlfrescoFormNumberRangeConstraint.h */ = {isa = PBXFileReference; fileEncoding = 4; lastKnownFileType = sourcecode.c.h; path = AlfrescoFormNumberRangeConstraint.h; sourceTree = "<group>"; };
		5892CC2F192E934D00C7734A /* AlfrescoFormNumberRangeConstraint.m */ = {isa = PBXFileReference; fileEncoding = 4; lastKnownFileType = sourcecode.c.objc; path = AlfrescoFormNumberRangeConstraint.m; sourceTree = "<group>"; };
		5892CC31192E946C00C7734A /* AlfrescoFormListOfValuesConstraint.h */ = {isa = PBXFileReference; fileEncoding = 4; lastKnownFileType = sourcecode.c.h; path = AlfrescoFormListOfValuesConstraint.h; sourceTree = "<group>"; };
		5892CC32192E946C00C7734A /* AlfrescoFormListOfValuesConstraint.m */ = {isa = PBXFileReference; fileEncoding = 4; lastKnownFileType = sourcecode.c.objc; path = AlfrescoFormListOfValuesConstraint.m; sourceTree = "<group>"; };
/* End PBXFileReference section */

/* Begin PBXFrameworksBuildPhase section */
		58604DAC18F5D107002B09A5 /* Frameworks */ = {
			isa = PBXFrameworksBuildPhase;
			buildActionMask = 2147483647;
			files = (
				58604DB518F5D107002B09A5 /* CoreGraphics.framework in Frameworks */,
				58604DB718F5D107002B09A5 /* UIKit.framework in Frameworks */,
				58604DB318F5D107002B09A5 /* Foundation.framework in Frameworks */,
			);
			runOnlyForDeploymentPostprocessing = 0;
		};
		58604DD018F5D107002B09A5 /* Frameworks */ = {
			isa = PBXFrameworksBuildPhase;
			buildActionMask = 2147483647;
			files = (
				58604DD518F5D107002B09A5 /* XCTest.framework in Frameworks */,
				58604DD718F5D107002B09A5 /* UIKit.framework in Frameworks */,
				58604DD618F5D107002B09A5 /* Foundation.framework in Frameworks */,
			);
			runOnlyForDeploymentPostprocessing = 0;
		};
/* End PBXFrameworksBuildPhase section */

/* Begin PBXGroup section */
		58604DA618F5D107002B09A5 = {
			isa = PBXGroup;
			children = (
				58604DB818F5D107002B09A5 /* DynamicFormPrototype */,
				58604DDA18F5D107002B09A5 /* DynamicFormPrototypeTests */,
				58604DB118F5D107002B09A5 /* Frameworks */,
				58604DB018F5D107002B09A5 /* Products */,
			);
			sourceTree = "<group>";
		};
		58604DB018F5D107002B09A5 /* Products */ = {
			isa = PBXGroup;
			children = (
				58604DAF18F5D107002B09A5 /* DynamicFormPrototype.app */,
				58604DD318F5D107002B09A5 /* DynamicFormPrototypeTests.xctest */,
			);
			name = Products;
			sourceTree = "<group>";
		};
		58604DB118F5D107002B09A5 /* Frameworks */ = {
			isa = PBXGroup;
			children = (
				58604DB218F5D107002B09A5 /* Foundation.framework */,
				58604DB418F5D107002B09A5 /* CoreGraphics.framework */,
				58604DB618F5D107002B09A5 /* UIKit.framework */,
				58604DD418F5D107002B09A5 /* XCTest.framework */,
			);
			name = Frameworks;
			sourceTree = "<group>";
		};
		58604DB818F5D107002B09A5 /* DynamicFormPrototype */ = {
			isa = PBXGroup;
			children = (
				5892CB4F192566A000C7734A /* Pickers */,
				5892CB1A19237BC900C7734A /* Forms */,
				5892CB55192566F700C7734A /* Examples */,
				58604DC118F5D107002B09A5 /* AppDelegate.h */,
				58604DC218F5D107002B09A5 /* AppDelegate.m */,
				58604DCD18F5D107002B09A5 /* Images.xcassets */,
				58604DB918F5D107002B09A5 /* Supporting Files */,
			);
			path = DynamicFormPrototype;
			sourceTree = "<group>";
		};
		58604DB918F5D107002B09A5 /* Supporting Files */ = {
			isa = PBXGroup;
			children = (
				58604DBA18F5D107002B09A5 /* DynamicFormPrototype-Info.plist */,
				58604DBB18F5D107002B09A5 /* InfoPlist.strings */,
				58604DBE18F5D107002B09A5 /* main.m */,
				58604DC018F5D107002B09A5 /* DynamicFormPrototype-Prefix.pch */,
			);
			name = "Supporting Files";
			sourceTree = "<group>";
		};
		58604DDA18F5D107002B09A5 /* DynamicFormPrototypeTests */ = {
			isa = PBXGroup;
			children = (
				58604DE018F5D107002B09A5 /* DynamicFormPrototypeTests.m */,
				58604DDB18F5D107002B09A5 /* Supporting Files */,
			);
			path = DynamicFormPrototypeTests;
			sourceTree = "<group>";
		};
		58604DDB18F5D107002B09A5 /* Supporting Files */ = {
			isa = PBXGroup;
			children = (
				58604DDC18F5D107002B09A5 /* DynamicFormPrototypeTests-Info.plist */,
				58604DDD18F5D107002B09A5 /* InfoPlist.strings */,
			);
			name = "Supporting Files";
			sourceTree = "<group>";
		};
		5872ED991A1365340077FFC7 /* Views */ = {
			isa = PBXGroup;
			children = (
				5872ED9D1A1365820077FFC7 /* AlfrescoFormViewController.h */,
				5872ED9E1A1365820077FFC7 /* AlfrescoFormViewController.m */,
			);
			name = Views;
			sourceTree = "<group>";
		};
		5892CB1A19237BC900C7734A /* Forms */ = {
			isa = PBXGroup;
			children = (
				5892CB1B19237BC900C7734A /* AlfrescoForm.h */,
				5892CB1C19237BC900C7734A /* AlfrescoForm.m */,
				5892CB37192385A100C7734A /* AlfrescoFormField.h */,
				5892CB38192385A100C7734A /* AlfrescoFormField.m */,
				5892CB4019238BE400C7734A /* AlfrescoFormFieldGroup.h */,
				5892CB4119238BE400C7734A /* AlfrescoFormFieldGroup.m */,
				5892CB1D19237BC900C7734A /* Cells */,
				5892CC27192E543200C7734A /* Constraints */,
				5872ED991A1365340077FFC7 /* Views */,
			);
			path = Forms;
			sourceTree = "<group>";
		};
		5892CB1D19237BC900C7734A /* Cells */ = {
			isa = PBXGroup;
			children = (
				5892CB2D1923842600C7734A /* AlfrescoFormBooleanCell.h */,
				5892CB2E1923842600C7734A /* AlfrescoFormBooleanCell.m */,
				5892CB2F1923842600C7734A /* AlfrescoFormBooleanCell.xib */,
				5892CB2A19237F3300C7734A /* AlfrescoFormCell.h */,
				5892CB2B19237F3300C7734A /* AlfrescoFormCell.m */,
				5892CB431923BFD800C7734A /* AlfrescoFormDateCell.h */,
				5892CB441923BFD800C7734A /* AlfrescoFormDateCell.m */,
				5872EDB31A19F1650077FFC7 /* AlfrescoFormInformationCell.h */,
				5872EDB41A19F1650077FFC7 /* AlfrescoFormInformationCell.m */,
				5892CC22192E03F500C7734A /* AlfrescoFormListOfValuesCell.h */,
				5892CC23192E03F500C7734A /* AlfrescoFormListOfValuesCell.m */,
				5872EDB61A19F3C30077FFC7 /* AlfrescoFormPickerCell.h */,
				5872EDB71A19F3C30077FFC7 /* AlfrescoFormPickerCell.m */,
				5892CB301923842600C7734A /* AlfrescoFormTextCell.h */,
				5892CB311923842600C7734A /* AlfrescoFormTextCell.m */,
				5892CB321923842600C7734A /* AlfrescoFormTextCell.xib */,
			);
			path = Cells;
			sourceTree = "<group>";
		};
		5892CB4F192566A000C7734A /* Pickers */ = {
			isa = PBXGroup;
			children = (
				5892CB50192566A000C7734A /* AlfrescoDatePickerViewController.h */,
				5892CB51192566A000C7734A /* AlfrescoDatePickerViewController.m */,
				5892CB52192566A000C7734A /* AlfrescoDatePickerViewController.xib */,
				5892CB67192659F600C7734A /* AlfrescoListOfValuesPickerViewController.h */,
				5892CB68192659F600C7734A /* AlfrescoListOfValuesPickerViewController.m */,
				5892CB69192659F600C7734A /* AlfrescoListOfValuesPickerViewController.xib */,
			);
			path = Pickers;
			sourceTree = "<group>";
		};
		5892CB55192566F700C7734A /* Examples */ = {
			isa = PBXGroup;
			children = (
				5872EDAD1A1381620077FFC7 /* ActivitiTaskFormViewController.h */,
				5872EDAE1A1381620077FFC7 /* ActivitiTaskFormViewController.m */,
				5872EDA41A1380F40077FFC7 /* AddBenchmarkTestFormViewController.h */,
				5872EDA51A1380F40077FFC7 /* AddBenchmarkTestFormViewController.m */,
				5872EDB01A14C0C60077FFC7 /* AdvancedFormViewController.h */,
				5872EDB11A14C0C60077FFC7 /* AdvancedFormViewController.m */,
				5872EDA71A13811E0077FFC7 /* EditBenchmarkPropertiesFormViewController.h */,
				5872EDA81A13811E0077FFC7 /* EditBenchmarkPropertiesFormViewController.m */,
				5892CB59192567DF00C7734A /* ExamplesViewController.h */,
				5892CB5A192567DF00C7734A /* ExamplesViewController.m */,
				5872EDA11A137D620077FFC7 /* NewAccountFormViewController.h */,
				5872EDA21A137D620077FFC7 /* NewAccountFormViewController.m */,
				5872EDAA1A13814F0077FFC7 /* RetrieveActivitiTaskFormViewController.h */,
				5872EDAB1A13814F0077FFC7 /* RetrieveActivitiTaskFormViewController.m */,
			);
			path = Examples;
			sourceTree = "<group>";
		};
		5892CC27192E543200C7734A /* Constraints */ = {
			isa = PBXGroup;
			children = (
				5892CC2B192E56F300C7734A /* AlfrescoFormConstraint.h */,
				5892CC2C192E56F300C7734A /* AlfrescoFormConstraint.m */,
				5892CC31192E946C00C7734A /* AlfrescoFormListOfValuesConstraint.h */,
				5892CC32192E946C00C7734A /* AlfrescoFormListOfValuesConstraint.m */,
				5892CC28192E547800C7734A /* AlfrescoFormMandatoryConstraint.h */,
				5892CC29192E547800C7734A /* AlfrescoFormMandatoryConstraint.m */,
				5892CC2E192E934D00C7734A /* AlfrescoFormNumberRangeConstraint.h */,
				5892CC2F192E934D00C7734A /* AlfrescoFormNumberRangeConstraint.m */,
			);
			path = Constraints;
			sourceTree = "<group>";
		};
/* End PBXGroup section */

/* Begin PBXNativeTarget section */
		58604DAE18F5D107002B09A5 /* DynamicFormPrototype */ = {
			isa = PBXNativeTarget;
			buildConfigurationList = 58604DE418F5D107002B09A5 /* Build configuration list for PBXNativeTarget "DynamicFormPrototype" */;
			buildPhases = (
				58604DAB18F5D107002B09A5 /* Sources */,
				58604DAC18F5D107002B09A5 /* Frameworks */,
				58604DAD18F5D107002B09A5 /* Resources */,
			);
			buildRules = (
			);
			dependencies = (
			);
			name = DynamicFormPrototype;
			productName = DynamicFormPrototype;
			productReference = 58604DAF18F5D107002B09A5 /* DynamicFormPrototype.app */;
			productType = "com.apple.product-type.application";
		};
		58604DD218F5D107002B09A5 /* DynamicFormPrototypeTests */ = {
			isa = PBXNativeTarget;
			buildConfigurationList = 58604DE718F5D107002B09A5 /* Build configuration list for PBXNativeTarget "DynamicFormPrototypeTests" */;
			buildPhases = (
				58604DCF18F5D107002B09A5 /* Sources */,
				58604DD018F5D107002B09A5 /* Frameworks */,
				58604DD118F5D107002B09A5 /* Resources */,
			);
			buildRules = (
			);
			dependencies = (
				58604DD918F5D107002B09A5 /* PBXTargetDependency */,
			);
			name = DynamicFormPrototypeTests;
			productName = DynamicFormPrototypeTests;
			productReference = 58604DD318F5D107002B09A5 /* DynamicFormPrototypeTests.xctest */;
			productType = "com.apple.product-type.bundle.unit-test";
		};
/* End PBXNativeTarget section */

/* Begin PBXProject section */
		58604DA718F5D107002B09A5 /* Project object */ = {
			isa = PBXProject;
			attributes = {
				LastUpgradeCheck = 0510;
				ORGANIZATIONNAME = "Gavin Cornwell";
				TargetAttributes = {
					58604DD218F5D107002B09A5 = {
						TestTargetID = 58604DAE18F5D107002B09A5;
					};
				};
			};
			buildConfigurationList = 58604DAA18F5D107002B09A5 /* Build configuration list for PBXProject "DynamicFormPrototype" */;
			compatibilityVersion = "Xcode 3.2";
			developmentRegion = English;
			hasScannedForEncodings = 0;
			knownRegions = (
				en,
				Base,
			);
			mainGroup = 58604DA618F5D107002B09A5;
			productRefGroup = 58604DB018F5D107002B09A5 /* Products */;
			projectDirPath = "";
			projectRoot = "";
			targets = (
				58604DAE18F5D107002B09A5 /* DynamicFormPrototype */,
				58604DD218F5D107002B09A5 /* DynamicFormPrototypeTests */,
			);
		};
/* End PBXProject section */

/* Begin PBXResourcesBuildPhase section */
		58604DAD18F5D107002B09A5 /* Resources */ = {
			isa = PBXResourcesBuildPhase;
			buildActionMask = 2147483647;
			files = (
				58604DCE18F5D107002B09A5 /* Images.xcassets in Resources */,
				5892CB6B192659F600C7734A /* AlfrescoListOfValuesPickerViewController.xib in Resources */,
				5892CB54192566A000C7734A /* AlfrescoDatePickerViewController.xib in Resources */,
				5892CB361923842600C7734A /* AlfrescoFormTextCell.xib in Resources */,
				5892CB341923842600C7734A /* AlfrescoFormBooleanCell.xib in Resources */,
				58604DBD18F5D107002B09A5 /* InfoPlist.strings in Resources */,
			);
			runOnlyForDeploymentPostprocessing = 0;
		};
		58604DD118F5D107002B09A5 /* Resources */ = {
			isa = PBXResourcesBuildPhase;
			buildActionMask = 2147483647;
			files = (
				58604DDF18F5D107002B09A5 /* InfoPlist.strings in Resources */,
			);
			runOnlyForDeploymentPostprocessing = 0;
		};
/* End PBXResourcesBuildPhase section */

/* Begin PBXSourcesBuildPhase section */
		58604DAB18F5D107002B09A5 /* Sources */ = {
			isa = PBXSourcesBuildPhase;
			buildActionMask = 2147483647;
			files = (
				5872EDB21A14C0C60077FFC7 /* AdvancedFormViewController.m in Sources */,
				5872EDAF1A1381620077FFC7 /* ActivitiTaskFormViewController.m in Sources */,
				5892CB351923842600C7734A /* AlfrescoFormTextCell.m in Sources */,
				5892CB5B192567DF00C7734A /* ExamplesViewController.m in Sources */,
				5872EDA31A137D620077FFC7 /* NewAccountFormViewController.m in Sources */,
				58604DC318F5D107002B09A5 /* AppDelegate.m in Sources */,
				5892CB53192566A000C7734A /* AlfrescoDatePickerViewController.m in Sources */,
				5892CC2A192E547800C7734A /* AlfrescoFormMandatoryConstraint.m in Sources */,
				5872EDB81A19F3C30077FFC7 /* AlfrescoFormPickerCell.m in Sources */,
				5872ED9F1A1365820077FFC7 /* AlfrescoFormViewController.m in Sources */,
				5892CB39192385A100C7734A /* AlfrescoFormField.m in Sources */,
				5892CC30192E934D00C7734A /* AlfrescoFormNumberRangeConstraint.m in Sources */,
				5872EDA61A1380F40077FFC7 /* AddBenchmarkTestFormViewController.m in Sources */,
				5892CB2C19237F3300C7734A /* AlfrescoFormCell.m in Sources */,
				5892CB4219238BE400C7734A /* AlfrescoFormFieldGroup.m in Sources */,
				5892CB6A192659F600C7734A /* AlfrescoListOfValuesPickerViewController.m in Sources */,
				5892CB1F19237BC900C7734A /* AlfrescoForm.m in Sources */,
				5872EDA91A13811E0077FFC7 /* EditBenchmarkPropertiesFormViewController.m in Sources */,
				5892CC33192E946C00C7734A /* AlfrescoFormListOfValuesConstraint.m in Sources */,
				5872EDB51A19F1650077FFC7 /* AlfrescoFormInformationCell.m in Sources */,
				5892CB451923BFD800C7734A /* AlfrescoFormDateCell.m in Sources */,
				5892CC2D192E56F300C7734A /* AlfrescoFormConstraint.m in Sources */,
				5872EDAC1A13814F0077FFC7 /* RetrieveActivitiTaskFormViewController.m in Sources */,
				5892CC24192E03F500C7734A /* AlfrescoFormListOfValuesCell.m in Sources */,
				58604DBF18F5D107002B09A5 /* main.m in Sources */,
				5892CB331923842600C7734A /* AlfrescoFormBooleanCell.m in Sources */,
			);
			runOnlyForDeploymentPostprocessing = 0;
		};
		58604DCF18F5D107002B09A5 /* Sources */ = {
			isa = PBXSourcesBuildPhase;
			buildActionMask = 2147483647;
			files = (
				58604DE118F5D107002B09A5 /* DynamicFormPrototypeTests.m in Sources */,
			);
			runOnlyForDeploymentPostprocessing = 0;
		};
/* End PBXSourcesBuildPhase section */

/* Begin PBXTargetDependency section */
		58604DD918F5D107002B09A5 /* PBXTargetDependency */ = {
			isa = PBXTargetDependency;
			target = 58604DAE18F5D107002B09A5 /* DynamicFormPrototype */;
			targetProxy = 58604DD818F5D107002B09A5 /* PBXContainerItemProxy */;
		};
/* End PBXTargetDependency section */

/* Begin PBXVariantGroup section */
		58604DBB18F5D107002B09A5 /* InfoPlist.strings */ = {
			isa = PBXVariantGroup;
			children = (
				58604DBC18F5D107002B09A5 /* en */,
			);
			name = InfoPlist.strings;
			sourceTree = "<group>";
		};
		58604DDD18F5D107002B09A5 /* InfoPlist.strings */ = {
			isa = PBXVariantGroup;
			children = (
				58604DDE18F5D107002B09A5 /* en */,
			);
			name = InfoPlist.strings;
			sourceTree = "<group>";
		};
/* End PBXVariantGroup section */

/* Begin XCBuildConfiguration section */
		58604DE218F5D107002B09A5 /* Debug */ = {
			isa = XCBuildConfiguration;
			buildSettings = {
				ALWAYS_SEARCH_USER_PATHS = NO;
				CLANG_CXX_LANGUAGE_STANDARD = "gnu++0x";
				CLANG_CXX_LIBRARY = "libc++";
				CLANG_ENABLE_MODULES = YES;
				CLANG_ENABLE_OBJC_ARC = YES;
				CLANG_WARN_BOOL_CONVERSION = YES;
				CLANG_WARN_CONSTANT_CONVERSION = YES;
				CLANG_WARN_DIRECT_OBJC_ISA_USAGE = YES_ERROR;
				CLANG_WARN_EMPTY_BODY = YES;
				CLANG_WARN_ENUM_CONVERSION = YES;
				CLANG_WARN_INT_CONVERSION = YES;
				CLANG_WARN_OBJC_ROOT_CLASS = YES_ERROR;
				CLANG_WARN__DUPLICATE_METHOD_MATCH = YES;
				"CODE_SIGN_IDENTITY[sdk=iphoneos*]" = "iPhone Developer";
				COPY_PHASE_STRIP = NO;
				GCC_C_LANGUAGE_STANDARD = gnu99;
				GCC_DYNAMIC_NO_PIC = NO;
				GCC_OPTIMIZATION_LEVEL = 0;
				GCC_PREPROCESSOR_DEFINITIONS = (
					"DEBUG=1",
					"$(inherited)",
				);
				GCC_SYMBOLS_PRIVATE_EXTERN = NO;
				GCC_WARN_64_TO_32_BIT_CONVERSION = YES;
				GCC_WARN_ABOUT_RETURN_TYPE = YES_ERROR;
				GCC_WARN_UNDECLARED_SELECTOR = YES;
				GCC_WARN_UNINITIALIZED_AUTOS = YES_AGGRESSIVE;
				GCC_WARN_UNUSED_FUNCTION = YES;
				GCC_WARN_UNUSED_VARIABLE = YES;
				IPHONEOS_DEPLOYMENT_TARGET = 7.1;
				ONLY_ACTIVE_ARCH = YES;
				SDKROOT = iphoneos;
				TARGETED_DEVICE_FAMILY = "1,2";
			};
			name = Debug;
		};
		58604DE318F5D107002B09A5 /* Release */ = {
			isa = XCBuildConfiguration;
			buildSettings = {
				ALWAYS_SEARCH_USER_PATHS = NO;
				CLANG_CXX_LANGUAGE_STANDARD = "gnu++0x";
				CLANG_CXX_LIBRARY = "libc++";
				CLANG_ENABLE_MODULES = YES;
				CLANG_ENABLE_OBJC_ARC = YES;
				CLANG_WARN_BOOL_CONVERSION = YES;
				CLANG_WARN_CONSTANT_CONVERSION = YES;
				CLANG_WARN_DIRECT_OBJC_ISA_USAGE = YES_ERROR;
				CLANG_WARN_EMPTY_BODY = YES;
				CLANG_WARN_ENUM_CONVERSION = YES;
				CLANG_WARN_INT_CONVERSION = YES;
				CLANG_WARN_OBJC_ROOT_CLASS = YES_ERROR;
				CLANG_WARN__DUPLICATE_METHOD_MATCH = YES;
				"CODE_SIGN_IDENTITY[sdk=iphoneos*]" = "iPhone Developer";
				COPY_PHASE_STRIP = YES;
				ENABLE_NS_ASSERTIONS = NO;
				GCC_C_LANGUAGE_STANDARD = gnu99;
				GCC_WARN_64_TO_32_BIT_CONVERSION = YES;
				GCC_WARN_ABOUT_RETURN_TYPE = YES_ERROR;
				GCC_WARN_UNDECLARED_SELECTOR = YES;
				GCC_WARN_UNINITIALIZED_AUTOS = YES_AGGRESSIVE;
				GCC_WARN_UNUSED_FUNCTION = YES;
				GCC_WARN_UNUSED_VARIABLE = YES;
				IPHONEOS_DEPLOYMENT_TARGET = 7.1;
				SDKROOT = iphoneos;
				TARGETED_DEVICE_FAMILY = "1,2";
				VALIDATE_PRODUCT = YES;
			};
			name = Release;
		};
		58604DE518F5D107002B09A5 /* Debug */ = {
			isa = XCBuildConfiguration;
			buildSettings = {
				ASSETCATALOG_COMPILER_APPICON_NAME = AppIcon;
				ASSETCATALOG_COMPILER_LAUNCHIMAGE_NAME = LaunchImage;
				GCC_PRECOMPILE_PREFIX_HEADER = YES;
				GCC_PREFIX_HEADER = "DynamicFormPrototype/DynamicFormPrototype-Prefix.pch";
				INFOPLIST_FILE = "DynamicFormPrototype/DynamicFormPrototype-Info.plist";
				PRODUCT_NAME = "$(TARGET_NAME)";
				WRAPPER_EXTENSION = app;
			};
			name = Debug;
		};
		58604DE618F5D107002B09A5 /* Release */ = {
			isa = XCBuildConfiguration;
			buildSettings = {
				ASSETCATALOG_COMPILER_APPICON_NAME = AppIcon;
				ASSETCATALOG_COMPILER_LAUNCHIMAGE_NAME = LaunchImage;
				GCC_PRECOMPILE_PREFIX_HEADER = YES;
				GCC_PREFIX_HEADER = "DynamicFormPrototype/DynamicFormPrototype-Prefix.pch";
				INFOPLIST_FILE = "DynamicFormPrototype/DynamicFormPrototype-Info.plist";
				PRODUCT_NAME = "$(TARGET_NAME)";
				WRAPPER_EXTENSION = app;
			};
			name = Release;
		};
		58604DE818F5D107002B09A5 /* Debug */ = {
			isa = XCBuildConfiguration;
			buildSettings = {
				BUNDLE_LOADER = "$(BUILT_PRODUCTS_DIR)/DynamicFormPrototype.app/DynamicFormPrototype";
				FRAMEWORK_SEARCH_PATHS = (
					"$(SDKROOT)/Developer/Library/Frameworks",
					"$(inherited)",
					"$(DEVELOPER_FRAMEWORKS_DIR)",
				);
				GCC_PRECOMPILE_PREFIX_HEADER = YES;
				GCC_PREFIX_HEADER = "DynamicFormPrototype/DynamicFormPrototype-Prefix.pch";
				GCC_PREPROCESSOR_DEFINITIONS = (
					"DEBUG=1",
					"$(inherited)",
				);
				INFOPLIST_FILE = "DynamicFormPrototypeTests/DynamicFormPrototypeTests-Info.plist";
				PRODUCT_NAME = "$(TARGET_NAME)";
				TEST_HOST = "$(BUNDLE_LOADER)";
				WRAPPER_EXTENSION = xctest;
			};
			name = Debug;
		};
		58604DE918F5D107002B09A5 /* Release */ = {
			isa = XCBuildConfiguration;
			buildSettings = {
				BUNDLE_LOADER = "$(BUILT_PRODUCTS_DIR)/DynamicFormPrototype.app/DynamicFormPrototype";
				FRAMEWORK_SEARCH_PATHS = (
					"$(SDKROOT)/Developer/Library/Frameworks",
					"$(inherited)",
					"$(DEVELOPER_FRAMEWORKS_DIR)",
				);
				GCC_PRECOMPILE_PREFIX_HEADER = YES;
				GCC_PREFIX_HEADER = "DynamicFormPrototype/DynamicFormPrototype-Prefix.pch";
				INFOPLIST_FILE = "DynamicFormPrototypeTests/DynamicFormPrototypeTests-Info.plist";
				PRODUCT_NAME = "$(TARGET_NAME)";
				TEST_HOST = "$(BUNDLE_LOADER)";
				WRAPPER_EXTENSION = xctest;
			};
			name = Release;
		};
/* End XCBuildConfiguration section */

/* Begin XCConfigurationList section */
		58604DAA18F5D107002B09A5 /* Build configuration list for PBXProject "DynamicFormPrototype" */ = {
			isa = XCConfigurationList;
			buildConfigurations = (
				58604DE218F5D107002B09A5 /* Debug */,
				58604DE318F5D107002B09A5 /* Release */,
			);
			defaultConfigurationIsVisible = 0;
			defaultConfigurationName = Release;
		};
		58604DE418F5D107002B09A5 /* Build configuration list for PBXNativeTarget "DynamicFormPrototype" */ = {
			isa = XCConfigurationList;
			buildConfigurations = (
				58604DE518F5D107002B09A5 /* Debug */,
				58604DE618F5D107002B09A5 /* Release */,
			);
			defaultConfigurationIsVisible = 0;
			defaultConfigurationName = Release;
		};
		58604DE718F5D107002B09A5 /* Build configuration list for PBXNativeTarget "DynamicFormPrototypeTests" */ = {
			isa = XCConfigurationList;
			buildConfigurations = (
				58604DE818F5D107002B09A5 /* Debug */,
				58604DE918F5D107002B09A5 /* Release */,
			);
			defaultConfigurationIsVisible = 0;
			defaultConfigurationName = Release;
		};
/* End XCConfigurationList section */
	};
	rootObject = 58604DA718F5D107002B09A5 /* Project object */;
}
